// !$*UTF8*$!
{
	archiveVersion = 1;
	classes = {
	};
	objectVersion = 46;
	objects = {

/* Begin PBXBuildFile section */
		0C012CAE1F3754F500E8EFC8 /* Pods_SightOnMock.framework in Frameworks */ = {isa = PBXBuildFile; fileRef = 0C012CAD1F3754F500E8EFC8 /* Pods_SightOnMock.framework */; };
		0C13AE631F3D9AFD00C7847F /* PageViewController.swift in Sources */ = {isa = PBXBuildFile; fileRef = 0C13AE621F3D9AFD00C7847F /* PageViewController.swift */; };
		0C39289C1F23727300397EDD /* AppDelegate.swift in Sources */ = {isa = PBXBuildFile; fileRef = 0C39289B1F23727300397EDD /* AppDelegate.swift */; };
		0C39289E1F23727300397EDD /* ViewController.swift in Sources */ = {isa = PBXBuildFile; fileRef = 0C39289D1F23727300397EDD /* ViewController.swift */; };
		0C3928A11F23727300397EDD /* Main.storyboard in Resources */ = {isa = PBXBuildFile; fileRef = 0C39289F1F23727300397EDD /* Main.storyboard */; };
		0C3928A31F23727300397EDD /* Assets.xcassets in Resources */ = {isa = PBXBuildFile; fileRef = 0C3928A21F23727300397EDD /* Assets.xcassets */; };
		0C3928A61F23727300397EDD /* LaunchScreen.storyboard in Resources */ = {isa = PBXBuildFile; fileRef = 0C3928A41F23727300397EDD /* LaunchScreen.storyboard */; };
		0C3928B11F23727300397EDD /* SightOnMockTests.swift in Sources */ = {isa = PBXBuildFile; fileRef = 0C3928B01F23727300397EDD /* SightOnMockTests.swift */; };
		0C3928BC1F23727300397EDD /* SightOnMockUITests.swift in Sources */ = {isa = PBXBuildFile; fileRef = 0C3928BB1F23727300397EDD /* SightOnMockUITests.swift */; };
		0C3928CA1F2378EA00397EDD /* RecordViewController.swift in Sources */ = {isa = PBXBuildFile; fileRef = 0C3928C91F2378EA00397EDD /* RecordViewController.swift */; };
		0C3928CC1F23791A00397EDD /* FeedViewController.swift in Sources */ = {isa = PBXBuildFile; fileRef = 0C3928CB1F23791A00397EDD /* FeedViewController.swift */; };
		0C3928CE1F23792C00397EDD /* AutoEditViewController.swift in Sources */ = {isa = PBXBuildFile; fileRef = 0C3928CD1F23792C00397EDD /* AutoEditViewController.swift */; };
		0C3928D01F23794300397EDD /* ManualEditViewController.swift in Sources */ = {isa = PBXBuildFile; fileRef = 0C3928CF1F23794300397EDD /* ManualEditViewController.swift */; };
		0C3928D21F23796200397EDD /* PostViewController.swift in Sources */ = {isa = PBXBuildFile; fileRef = 0C3928D11F23796200397EDD /* PostViewController.swift */; };
		0C404CD31F389F590080F4EB /* sight_on_splash_ipad.png in Resources */ = {isa = PBXBuildFile; fileRef = 0C404CD21F389F590080F4EB /* sight_on_splash_ipad.png */; };
		0C4BB7011F3DDCF6001CA4A2 /* TemporaryDataManager.swift in Sources */ = {isa = PBXBuildFile; fileRef = 0C4BB7001F3DDCF6001CA4A2 /* TemporaryDataManager.swift */; };
		0C4BB7051F3E6F21001CA4A2 /* TemporaryDataManagerTest.swift in Sources */ = {isa = PBXBuildFile; fileRef = 0C4BB7041F3E6F21001CA4A2 /* TemporaryDataManagerTest.swift */; };
		0C4BB7071F3E8198001CA4A2 /* User.swift in Sources */ = {isa = PBXBuildFile; fileRef = 0C4BB7061F3E8198001CA4A2 /* User.swift */; };
		0C4BB7091F3E845A001CA4A2 /* DatabaseAccessManager.swift in Sources */ = {isa = PBXBuildFile; fileRef = 0C4BB7081F3E845A001CA4A2 /* DatabaseAccessManager.swift */; };
		0C4BB70C1F3EA598001CA4A2 /* near_road.wav in Resources */ = {isa = PBXBuildFile; fileRef = 0C4BB70B1F3EA598001CA4A2 /* near_road.wav */; };
		0C978E1A1F375F46003E2232 /* Sound.swift in Sources */ = {isa = PBXBuildFile; fileRef = 0C978E191F375F46003E2232 /* Sound.swift */; };
		0C978E1E1F377269003E2232 /* yurakucho_muzhirusi.m4a in Resources */ = {isa = PBXBuildFile; fileRef = 0C978E1D1F377269003E2232 /* yurakucho_muzhirusi.m4a */; };
		0C978E201F377300003E2232 /* AVFoundation.framework in Frameworks */ = {isa = PBXBuildFile; fileRef = 0C978E1F1F377300003E2232 /* AVFoundation.framework */; };
		0CF2EB601F358603003DD9D2 /* FeedListItemTableViewCell.swift in Sources */ = {isa = PBXBuildFile; fileRef = 0CF2EB5F1F358603003DD9D2 /* FeedListItemTableViewCell.swift */; };
		0CF2EB661F35DC02003DD9D2 /* sample1.jpg in Resources */ = {isa = PBXBuildFile; fileRef = 0CF2EB651F35DC02003DD9D2 /* sample1.jpg */; };
		0CF2EB681F35E304003DD9D2 /* sight_on_splash.png in Resources */ = {isa = PBXBuildFile; fileRef = 0CF2EB671F35E304003DD9D2 /* sight_on_splash.png */; };
		0CF2EB6B1F35E391003DD9D2 /* sight_on_icon_dark_mat.png in Resources */ = {isa = PBXBuildFile; fileRef = 0CF2EB6A1F35E391003DD9D2 /* sight_on_icon_dark_mat.png */; };
		5F17B0A539692C2F54EA8C34 /* Pods_SightOnMockUITests.framework in Frameworks */ = {isa = PBXBuildFile; fileRef = 90938FFE72B1733A10128717 /* Pods_SightOnMockUITests.framework */; };
		9B140B4FB7BFC9CD36B96AFA /* Pods_SightOnMock.framework in Frameworks */ = {isa = PBXBuildFile; fileRef = 160064C8895113388812E218 /* Pods_SightOnMock.framework */; };
		C62BF457D007FABD1210B0E4 /* Pods_SightOnMockTests.framework in Frameworks */ = {isa = PBXBuildFile; fileRef = FCC753F3904B908C76D3381B /* Pods_SightOnMockTests.framework */; };
/* End PBXBuildFile section */

/* Begin PBXContainerItemProxy section */
		0C3928AD1F23727300397EDD /* PBXContainerItemProxy */ = {
			isa = PBXContainerItemProxy;
			containerPortal = 0C3928901F23727300397EDD /* Project object */;
			proxyType = 1;
			remoteGlobalIDString = 0C3928971F23727300397EDD;
			remoteInfo = SightOnMock;
		};
		0C3928B81F23727300397EDD /* PBXContainerItemProxy */ = {
			isa = PBXContainerItemProxy;
			containerPortal = 0C3928901F23727300397EDD /* Project object */;
			proxyType = 1;
			remoteGlobalIDString = 0C3928971F23727300397EDD;
			remoteInfo = SightOnMock;
		};
/* End PBXContainerItemProxy section */

/* Begin PBXFileReference section */
		0C012CAD1F3754F500E8EFC8 /* Pods_SightOnMock.framework */ = {isa = PBXFileReference; lastKnownFileType = wrapper.framework; name = Pods_SightOnMock.framework; path = "../../Library/Developer/Xcode/DerivedData/SightOnMock-fkgespoavkjeucdizymdfvxtojxa/Build/Products/Debug-iphonesimulator/Pods_SightOnMock.framework"; sourceTree = "<group>"; };
		0C13AE621F3D9AFD00C7847F /* PageViewController.swift */ = {isa = PBXFileReference; fileEncoding = 4; lastKnownFileType = sourcecode.swift; path = PageViewController.swift; sourceTree = "<group>"; };
		0C3928981F23727300397EDD /* SightOnMock.app */ = {isa = PBXFileReference; explicitFileType = wrapper.application; includeInIndex = 0; path = SightOnMock.app; sourceTree = BUILT_PRODUCTS_DIR; };
		0C39289B1F23727300397EDD /* AppDelegate.swift */ = {isa = PBXFileReference; lastKnownFileType = sourcecode.swift; path = AppDelegate.swift; sourceTree = "<group>"; };
		0C39289D1F23727300397EDD /* ViewController.swift */ = {isa = PBXFileReference; lastKnownFileType = sourcecode.swift; path = ViewController.swift; sourceTree = "<group>"; };
		0C3928A01F23727300397EDD /* Base */ = {isa = PBXFileReference; lastKnownFileType = file.storyboard; name = Base; path = Base.lproj/Main.storyboard; sourceTree = "<group>"; };
		0C3928A21F23727300397EDD /* Assets.xcassets */ = {isa = PBXFileReference; lastKnownFileType = folder.assetcatalog; path = Assets.xcassets; sourceTree = "<group>"; };
		0C3928A51F23727300397EDD /* Base */ = {isa = PBXFileReference; lastKnownFileType = file.storyboard; name = Base; path = Base.lproj/LaunchScreen.storyboard; sourceTree = "<group>"; };
		0C3928A71F23727300397EDD /* Info.plist */ = {isa = PBXFileReference; lastKnownFileType = text.plist.xml; path = Info.plist; sourceTree = "<group>"; };
		0C3928AC1F23727300397EDD /* SightOnMockTests.xctest */ = {isa = PBXFileReference; explicitFileType = wrapper.cfbundle; includeInIndex = 0; path = SightOnMockTests.xctest; sourceTree = BUILT_PRODUCTS_DIR; };
		0C3928B01F23727300397EDD /* SightOnMockTests.swift */ = {isa = PBXFileReference; lastKnownFileType = sourcecode.swift; path = SightOnMockTests.swift; sourceTree = "<group>"; };
		0C3928B21F23727300397EDD /* Info.plist */ = {isa = PBXFileReference; lastKnownFileType = text.plist.xml; path = Info.plist; sourceTree = "<group>"; };
		0C3928B71F23727300397EDD /* SightOnMockUITests.xctest */ = {isa = PBXFileReference; explicitFileType = wrapper.cfbundle; includeInIndex = 0; path = SightOnMockUITests.xctest; sourceTree = BUILT_PRODUCTS_DIR; };
		0C3928BB1F23727300397EDD /* SightOnMockUITests.swift */ = {isa = PBXFileReference; lastKnownFileType = sourcecode.swift; path = SightOnMockUITests.swift; sourceTree = "<group>"; };
		0C3928BD1F23727300397EDD /* Info.plist */ = {isa = PBXFileReference; lastKnownFileType = text.plist.xml; path = Info.plist; sourceTree = "<group>"; };
		0C3928C91F2378EA00397EDD /* RecordViewController.swift */ = {isa = PBXFileReference; fileEncoding = 4; lastKnownFileType = sourcecode.swift; path = RecordViewController.swift; sourceTree = "<group>"; };
		0C3928CB1F23791A00397EDD /* FeedViewController.swift */ = {isa = PBXFileReference; fileEncoding = 4; lastKnownFileType = sourcecode.swift; path = FeedViewController.swift; sourceTree = "<group>"; };
		0C3928CD1F23792C00397EDD /* AutoEditViewController.swift */ = {isa = PBXFileReference; fileEncoding = 4; lastKnownFileType = sourcecode.swift; path = AutoEditViewController.swift; sourceTree = "<group>"; };
		0C3928CF1F23794300397EDD /* ManualEditViewController.swift */ = {isa = PBXFileReference; fileEncoding = 4; lastKnownFileType = sourcecode.swift; path = ManualEditViewController.swift; sourceTree = "<group>"; };
		0C3928D11F23796200397EDD /* PostViewController.swift */ = {isa = PBXFileReference; fileEncoding = 4; lastKnownFileType = sourcecode.swift; path = PostViewController.swift; sourceTree = "<group>"; };
		0C404CD21F389F590080F4EB /* sight_on_splash_ipad.png */ = {isa = PBXFileReference; lastKnownFileType = image.png; path = sight_on_splash_ipad.png; sourceTree = "<group>"; };
		0C4BB7001F3DDCF6001CA4A2 /* TemporaryDataManager.swift */ = {isa = PBXFileReference; fileEncoding = 4; lastKnownFileType = sourcecode.swift; path = TemporaryDataManager.swift; sourceTree = "<group>"; };
		0C4BB7041F3E6F21001CA4A2 /* TemporaryDataManagerTest.swift */ = {isa = PBXFileReference; fileEncoding = 4; lastKnownFileType = sourcecode.swift; name = TemporaryDataManagerTest.swift; path = ../SightOnMock/TemporaryDataManagerTest.swift; sourceTree = "<group>"; };
		0C4BB7061F3E8198001CA4A2 /* User.swift */ = {isa = PBXFileReference; fileEncoding = 4; lastKnownFileType = sourcecode.swift; path = User.swift; sourceTree = "<group>"; };
		0C4BB7081F3E845A001CA4A2 /* DatabaseAccessManager.swift */ = {isa = PBXFileReference; fileEncoding = 4; lastKnownFileType = sourcecode.swift; path = DatabaseAccessManager.swift; sourceTree = "<group>"; };
		0C4BB70B1F3EA598001CA4A2 /* near_road.wav */ = {isa = PBXFileReference; lastKnownFileType = audio.wav; path = near_road.wav; sourceTree = "<group>"; };
		0C978E191F375F46003E2232 /* Sound.swift */ = {isa = PBXFileReference; fileEncoding = 4; lastKnownFileType = sourcecode.swift; path = Sound.swift; sourceTree = "<group>"; };
		0C978E1D1F377269003E2232 /* yurakucho_muzhirusi.m4a */ = {isa = PBXFileReference; lastKnownFileType = file; path = yurakucho_muzhirusi.m4a; sourceTree = "<group>"; };
		0C978E1F1F377300003E2232 /* AVFoundation.framework */ = {isa = PBXFileReference; lastKnownFileType = wrapper.framework; name = AVFoundation.framework; path = System/Library/Frameworks/AVFoundation.framework; sourceTree = SDKROOT; };
		0CF2EB5F1F358603003DD9D2 /* FeedListItemTableViewCell.swift */ = {isa = PBXFileReference; fileEncoding = 4; lastKnownFileType = sourcecode.swift; path = FeedListItemTableViewCell.swift; sourceTree = "<group>"; };
		0CF2EB651F35DC02003DD9D2 /* sample1.jpg */ = {isa = PBXFileReference; lastKnownFileType = image.jpeg; path = sample1.jpg; sourceTree = "<group>"; };
		0CF2EB671F35E304003DD9D2 /* sight_on_splash.png */ = {isa = PBXFileReference; lastKnownFileType = image.png; path = sight_on_splash.png; sourceTree = "<group>"; };
		0CF2EB6A1F35E391003DD9D2 /* sight_on_icon_dark_mat.png */ = {isa = PBXFileReference; lastKnownFileType = image.png; path = sight_on_icon_dark_mat.png; sourceTree = "<group>"; };
		160064C8895113388812E218 /* Pods_SightOnMock.framework */ = {isa = PBXFileReference; explicitFileType = wrapper.framework; includeInIndex = 0; path = Pods_SightOnMock.framework; sourceTree = BUILT_PRODUCTS_DIR; };
		1628E6B18334240124B99AB4 /* Pods-SightOnMockUITests.release.xcconfig */ = {isa = PBXFileReference; includeInIndex = 1; lastKnownFileType = text.xcconfig; name = "Pods-SightOnMockUITests.release.xcconfig"; path = "Pods/Target Support Files/Pods-SightOnMockUITests/Pods-SightOnMockUITests.release.xcconfig"; sourceTree = "<group>"; };
		46C723F4E70C2241757DF438 /* Pods-SightOnMockUITests.debug.xcconfig */ = {isa = PBXFileReference; includeInIndex = 1; lastKnownFileType = text.xcconfig; name = "Pods-SightOnMockUITests.debug.xcconfig"; path = "Pods/Target Support Files/Pods-SightOnMockUITests/Pods-SightOnMockUITests.debug.xcconfig"; sourceTree = "<group>"; };
		4D81EED59BB94FB6EB8919E4 /* Pods-SightOnMock.debug.xcconfig */ = {isa = PBXFileReference; includeInIndex = 1; lastKnownFileType = text.xcconfig; name = "Pods-SightOnMock.debug.xcconfig"; path = "Pods/Target Support Files/Pods-SightOnMock/Pods-SightOnMock.debug.xcconfig"; sourceTree = "<group>"; };
		4F6F1607983B036B110DD236 /* Pods-SightOnMockTests.release.xcconfig */ = {isa = PBXFileReference; includeInIndex = 1; lastKnownFileType = text.xcconfig; name = "Pods-SightOnMockTests.release.xcconfig"; path = "Pods/Target Support Files/Pods-SightOnMockTests/Pods-SightOnMockTests.release.xcconfig"; sourceTree = "<group>"; };
		8A540E7FF74955A668E85C79 /* Pods-SightOnMockTests.debug.xcconfig */ = {isa = PBXFileReference; includeInIndex = 1; lastKnownFileType = text.xcconfig; name = "Pods-SightOnMockTests.debug.xcconfig"; path = "Pods/Target Support Files/Pods-SightOnMockTests/Pods-SightOnMockTests.debug.xcconfig"; sourceTree = "<group>"; };
		90938FFE72B1733A10128717 /* Pods_SightOnMockUITests.framework */ = {isa = PBXFileReference; explicitFileType = wrapper.framework; includeInIndex = 0; path = Pods_SightOnMockUITests.framework; sourceTree = BUILT_PRODUCTS_DIR; };
		9CD91C51691DA76DD6DF48C1 /* Pods-SightOnMock.release.xcconfig */ = {isa = PBXFileReference; includeInIndex = 1; lastKnownFileType = text.xcconfig; name = "Pods-SightOnMock.release.xcconfig"; path = "Pods/Target Support Files/Pods-SightOnMock/Pods-SightOnMock.release.xcconfig"; sourceTree = "<group>"; };
		FCC753F3904B908C76D3381B /* Pods_SightOnMockTests.framework */ = {isa = PBXFileReference; explicitFileType = wrapper.framework; includeInIndex = 0; path = Pods_SightOnMockTests.framework; sourceTree = BUILT_PRODUCTS_DIR; };
/* End PBXFileReference section */

/* Begin PBXFrameworksBuildPhase section */
		0C3928951F23727300397EDD /* Frameworks */ = {
			isa = PBXFrameworksBuildPhase;
			buildActionMask = 2147483647;
			files = (
				0C978E201F377300003E2232 /* AVFoundation.framework in Frameworks */,
				0C012CAE1F3754F500E8EFC8 /* Pods_SightOnMock.framework in Frameworks */,
				9B140B4FB7BFC9CD36B96AFA /* Pods_SightOnMock.framework in Frameworks */,
			);
			runOnlyForDeploymentPostprocessing = 0;
		};
		0C3928A91F23727300397EDD /* Frameworks */ = {
			isa = PBXFrameworksBuildPhase;
			buildActionMask = 2147483647;
			files = (
				C62BF457D007FABD1210B0E4 /* Pods_SightOnMockTests.framework in Frameworks */,
			);
			runOnlyForDeploymentPostprocessing = 0;
		};
		0C3928B41F23727300397EDD /* Frameworks */ = {
			isa = PBXFrameworksBuildPhase;
			buildActionMask = 2147483647;
			files = (
				5F17B0A539692C2F54EA8C34 /* Pods_SightOnMockUITests.framework in Frameworks */,
			);
			runOnlyForDeploymentPostprocessing = 0;
		};
/* End PBXFrameworksBuildPhase section */

/* Begin PBXGroup section */
		0C39288F1F23727300397EDD = {
			isa = PBXGroup;
			children = (
				0C39289A1F23727300397EDD /* SightOnMock */,
				0C3928AF1F23727300397EDD /* SightOnMockTests */,
				0C3928BA1F23727300397EDD /* SightOnMockUITests */,
				0C3928991F23727300397EDD /* Products */,
				69F220A6DB8DF6AA472C58A4 /* Pods */,
				15E9702848637B3EB55A3099 /* Frameworks */,
			);
			sourceTree = "<group>";
		};
		0C3928991F23727300397EDD /* Products */ = {
			isa = PBXGroup;
			children = (
				0C3928981F23727300397EDD /* SightOnMock.app */,
				0C3928AC1F23727300397EDD /* SightOnMockTests.xctest */,
				0C3928B71F23727300397EDD /* SightOnMockUITests.xctest */,
			);
			name = Products;
			sourceTree = "<group>";
		};
		0C39289A1F23727300397EDD /* SightOnMock */ = {
			isa = PBXGroup;
			children = (
				0C978E1C1F37661F003E2232 /* SoundData */,
				0C978E181F375F27003E2232 /* Model */,
				0CF2EB691F35E370003DD9D2 /* Image */,
				0C4BB70A1F3E8474001CA4A2 /* Common */,
				0CF2EB641F35DB1B003DD9D2 /* Record */,
				0CF2EB631F35DAFA003DD9D2 /* PostAction */,
				0CF2EB611F35D0E3003DD9D2 /* Feed */,
				0C39289B1F23727300397EDD /* AppDelegate.swift */,
				0C39289D1F23727300397EDD /* ViewController.swift */,
				0C13AE621F3D9AFD00C7847F /* PageViewController.swift */,
				0C39289F1F23727300397EDD /* Main.storyboard */,
				0C3928A21F23727300397EDD /* Assets.xcassets */,
				0C3928A41F23727300397EDD /* LaunchScreen.storyboard */,
				0C3928A71F23727300397EDD /* Info.plist */,
			);
			path = SightOnMock;
			sourceTree = "<group>";
		};
		0C3928AF1F23727300397EDD /* SightOnMockTests */ = {
			isa = PBXGroup;
			children = (
				0C3928B01F23727300397EDD /* SightOnMockTests.swift */,
				0C4BB7041F3E6F21001CA4A2 /* TemporaryDataManagerTest.swift */,
				0C3928B21F23727300397EDD /* Info.plist */,
			);
			path = SightOnMockTests;
			sourceTree = "<group>";
		};
		0C3928BA1F23727300397EDD /* SightOnMockUITests */ = {
			isa = PBXGroup;
			children = (
				0C3928BB1F23727300397EDD /* SightOnMockUITests.swift */,
				0C3928BD1F23727300397EDD /* Info.plist */,
			);
			path = SightOnMockUITests;
			sourceTree = "<group>";
		};
		0C4BB70A1F3E8474001CA4A2 /* Common */ = {
			isa = PBXGroup;
			children = (
				0C4BB7001F3DDCF6001CA4A2 /* TemporaryDataManager.swift */,
				0C4BB7081F3E845A001CA4A2 /* DatabaseAccessManager.swift */,
			);
			name = Common;
			sourceTree = "<group>";
		};
		0C978E181F375F27003E2232 /* Model */ = {
			isa = PBXGroup;
			children = (
				0C978E191F375F46003E2232 /* Sound.swift */,
				0C4BB7061F3E8198001CA4A2 /* User.swift */,
			);
			name = Model;
			sourceTree = "<group>";
		};
		0C978E1C1F37661F003E2232 /* SoundData */ = {
			isa = PBXGroup;
			children = (
				0C4BB70B1F3EA598001CA4A2 /* near_road.wav */,
				0C978E1D1F377269003E2232 /* yurakucho_muzhirusi.m4a */,
			);
			name = SoundData;
			sourceTree = "<group>";
		};
		0CF2EB611F35D0E3003DD9D2 /* Feed */ = {
			isa = PBXGroup;
			children = (
				0C3928CB1F23791A00397EDD /* FeedViewController.swift */,
				0CF2EB5F1F358603003DD9D2 /* FeedListItemTableViewCell.swift */,
			);
			name = Feed;
			sourceTree = "<group>";
		};
		0CF2EB631F35DAFA003DD9D2 /* PostAction */ = {
			isa = PBXGroup;
			children = (
				0C3928CD1F23792C00397EDD /* AutoEditViewController.swift */,
				0C3928CF1F23794300397EDD /* ManualEditViewController.swift */,
				0C3928D11F23796200397EDD /* PostViewController.swift */,
			);
			name = PostAction;
			sourceTree = "<group>";
		};
		0CF2EB641F35DB1B003DD9D2 /* Record */ = {
			isa = PBXGroup;
			children = (
				0C3928C91F2378EA00397EDD /* RecordViewController.swift */,
			);
			name = Record;
			sourceTree = "<group>";
		};
		0CF2EB691F35E370003DD9D2 /* Image */ = {
			isa = PBXGroup;
			children = (
				0CF2EB671F35E304003DD9D2 /* sight_on_splash.png */,
				0C404CD21F389F590080F4EB /* sight_on_splash_ipad.png */,
				0CF2EB6A1F35E391003DD9D2 /* sight_on_icon_dark_mat.png */,
				0CF2EB651F35DC02003DD9D2 /* sample1.jpg */,
			);
			name = Image;
			sourceTree = "<group>";
		};
		15E9702848637B3EB55A3099 /* Frameworks */ = {
			isa = PBXGroup;
			children = (
				0C978E1F1F377300003E2232 /* AVFoundation.framework */,
				0C012CAD1F3754F500E8EFC8 /* Pods_SightOnMock.framework */,
				160064C8895113388812E218 /* Pods_SightOnMock.framework */,
				FCC753F3904B908C76D3381B /* Pods_SightOnMockTests.framework */,
				90938FFE72B1733A10128717 /* Pods_SightOnMockUITests.framework */,
			);
			name = Frameworks;
			sourceTree = "<group>";
		};
		69F220A6DB8DF6AA472C58A4 /* Pods */ = {
			isa = PBXGroup;
			children = (
				4D81EED59BB94FB6EB8919E4 /* Pods-SightOnMock.debug.xcconfig */,
				9CD91C51691DA76DD6DF48C1 /* Pods-SightOnMock.release.xcconfig */,
				8A540E7FF74955A668E85C79 /* Pods-SightOnMockTests.debug.xcconfig */,
				4F6F1607983B036B110DD236 /* Pods-SightOnMockTests.release.xcconfig */,
				46C723F4E70C2241757DF438 /* Pods-SightOnMockUITests.debug.xcconfig */,
				1628E6B18334240124B99AB4 /* Pods-SightOnMockUITests.release.xcconfig */,
			);
			name = Pods;
			sourceTree = "<group>";
		};
/* End PBXGroup section */

/* Begin PBXNativeTarget section */
		0C3928971F23727300397EDD /* SightOnMock */ = {
			isa = PBXNativeTarget;
			buildConfigurationList = 0C3928C01F23727300397EDD /* Build configuration list for PBXNativeTarget "SightOnMock" */;
			buildPhases = (
				CA8C9A66AE41D03F84ADD05B /* [CP] Check Pods Manifest.lock */,
				0C3928941F23727300397EDD /* Sources */,
				0C3928951F23727300397EDD /* Frameworks */,
				0C3928961F23727300397EDD /* Resources */,
				5FE14B39ED8773667CA8F816 /* [CP] Embed Pods Frameworks */,
				14F22F1E670E3C4E9ABD1022 /* [CP] Copy Pods Resources */,
			);
			buildRules = (
			);
			dependencies = (
			);
			name = SightOnMock;
			productName = SightOnMock;
			productReference = 0C3928981F23727300397EDD /* SightOnMock.app */;
			productType = "com.apple.product-type.application";
		};
		0C3928AB1F23727300397EDD /* SightOnMockTests */ = {
			isa = PBXNativeTarget;
			buildConfigurationList = 0C3928C31F23727300397EDD /* Build configuration list for PBXNativeTarget "SightOnMockTests" */;
			buildPhases = (
				956F632456A523E5D1293099 /* [CP] Check Pods Manifest.lock */,
				0C3928A81F23727300397EDD /* Sources */,
				0C3928A91F23727300397EDD /* Frameworks */,
				0C3928AA1F23727300397EDD /* Resources */,
				97D0A82CC75D8EFF3D97DC79 /* [CP] Embed Pods Frameworks */,
				D413E93AE2380228AF99E506 /* [CP] Copy Pods Resources */,
			);
			buildRules = (
			);
			dependencies = (
				0C3928AE1F23727300397EDD /* PBXTargetDependency */,
			);
			name = SightOnMockTests;
			productName = SightOnMockTests;
			productReference = 0C3928AC1F23727300397EDD /* SightOnMockTests.xctest */;
			productType = "com.apple.product-type.bundle.unit-test";
		};
		0C3928B61F23727300397EDD /* SightOnMockUITests */ = {
			isa = PBXNativeTarget;
			buildConfigurationList = 0C3928C61F23727300397EDD /* Build configuration list for PBXNativeTarget "SightOnMockUITests" */;
			buildPhases = (
				A1014AA3ED07045C40F703A5 /* [CP] Check Pods Manifest.lock */,
				0C3928B31F23727300397EDD /* Sources */,
				0C3928B41F23727300397EDD /* Frameworks */,
				0C3928B51F23727300397EDD /* Resources */,
				64B8637638F19FFE28573C88 /* [CP] Embed Pods Frameworks */,
				62D63DD0F00DD5501C8E4218 /* [CP] Copy Pods Resources */,
			);
			buildRules = (
			);
			dependencies = (
				0C3928B91F23727300397EDD /* PBXTargetDependency */,
			);
			name = SightOnMockUITests;
			productName = SightOnMockUITests;
			productReference = 0C3928B71F23727300397EDD /* SightOnMockUITests.xctest */;
			productType = "com.apple.product-type.bundle.ui-testing";
		};
/* End PBXNativeTarget section */

/* Begin PBXProject section */
		0C3928901F23727300397EDD /* Project object */ = {
			isa = PBXProject;
			attributes = {
				LastSwiftUpdateCheck = 0830;
				LastUpgradeCheck = 0830;
				ORGANIZATIONNAME = inai17ibar;
				TargetAttributes = {
					0C3928971F23727300397EDD = {
						CreatedOnToolsVersion = 8.3.3;
						DevelopmentTeam = N33FTEJ7J3;
						LastSwiftMigration = 0830;
						ProvisioningStyle = Automatic;
					};
					0C3928AB1F23727300397EDD = {
						CreatedOnToolsVersion = 8.3.3;
						LastSwiftMigration = 0830;
						ProvisioningStyle = Automatic;
						TestTargetID = 0C3928971F23727300397EDD;
					};
					0C3928B61F23727300397EDD = {
						CreatedOnToolsVersion = 8.3.3;
						LastSwiftMigration = 0830;
						ProvisioningStyle = Automatic;
						TestTargetID = 0C3928971F23727300397EDD;
					};
				};
			};
			buildConfigurationList = 0C3928931F23727300397EDD /* Build configuration list for PBXProject "SightOnMock" */;
			compatibilityVersion = "Xcode 3.2";
			developmentRegion = English;
			hasScannedForEncodings = 0;
			knownRegions = (
				en,
				Base,
			);
			mainGroup = 0C39288F1F23727300397EDD;
			productRefGroup = 0C3928991F23727300397EDD /* Products */;
			projectDirPath = "";
			projectRoot = "";
			targets = (
				0C3928971F23727300397EDD /* SightOnMock */,
				0C3928AB1F23727300397EDD /* SightOnMockTests */,
				0C3928B61F23727300397EDD /* SightOnMockUITests */,
			);
		};
/* End PBXProject section */

/* Begin PBXResourcesBuildPhase section */
		0C3928961F23727300397EDD /* Resources */ = {
			isa = PBXResourcesBuildPhase;
			buildActionMask = 2147483647;
			files = (
				0C3928A61F23727300397EDD /* LaunchScreen.storyboard in Resources */,
				0CF2EB681F35E304003DD9D2 /* sight_on_splash.png in Resources */,
				0CF2EB6B1F35E391003DD9D2 /* sight_on_icon_dark_mat.png in Resources */,
				0C3928A31F23727300397EDD /* Assets.xcassets in Resources */,
				0C978E1E1F377269003E2232 /* yurakucho_muzhirusi.m4a in Resources */,
				0C404CD31F389F590080F4EB /* sight_on_splash_ipad.png in Resources */,
				0C3928A11F23727300397EDD /* Main.storyboard in Resources */,
				0C4BB70C1F3EA598001CA4A2 /* near_road.wav in Resources */,
				0CF2EB661F35DC02003DD9D2 /* sample1.jpg in Resources */,
			);
			runOnlyForDeploymentPostprocessing = 0;
		};
		0C3928AA1F23727300397EDD /* Resources */ = {
			isa = PBXResourcesBuildPhase;
			buildActionMask = 2147483647;
			files = (
			);
			runOnlyForDeploymentPostprocessing = 0;
		};
		0C3928B51F23727300397EDD /* Resources */ = {
			isa = PBXResourcesBuildPhase;
			buildActionMask = 2147483647;
			files = (
			);
			runOnlyForDeploymentPostprocessing = 0;
		};
/* End PBXResourcesBuildPhase section */

/* Begin PBXShellScriptBuildPhase section */
		14F22F1E670E3C4E9ABD1022 /* [CP] Copy Pods Resources */ = {
			isa = PBXShellScriptBuildPhase;
			buildActionMask = 2147483647;
			files = (
			);
			inputPaths = (
			);
			name = "[CP] Copy Pods Resources";
			outputPaths = (
			);
			runOnlyForDeploymentPostprocessing = 0;
			shellPath = /bin/sh;
			shellScript = "\"${SRCROOT}/Pods/Target Support Files/Pods-SightOnMock/Pods-SightOnMock-resources.sh\"\n";
			showEnvVarsInLog = 0;
		};
		5FE14B39ED8773667CA8F816 /* [CP] Embed Pods Frameworks */ = {
			isa = PBXShellScriptBuildPhase;
			buildActionMask = 2147483647;
			files = (
			);
			inputPaths = (
				"${SRCROOT}/Pods/Target Support Files/Pods-SightOnMock/Pods-SightOnMock-frameworks.sh",
				"${BUILT_PRODUCTS_DIR}/Realm/Realm.framework",
				"${BUILT_PRODUCTS_DIR}/RealmSwift/RealmSwift.framework",
			);
			name = "[CP] Embed Pods Frameworks";
			outputPaths = (
				"${TARGET_BUILD_DIR}/${FRAMEWORKS_FOLDER_PATH}/Realm.framework",
				"${TARGET_BUILD_DIR}/${FRAMEWORKS_FOLDER_PATH}/RealmSwift.framework",
			);
			runOnlyForDeploymentPostprocessing = 0;
			shellPath = /bin/sh;
			shellScript = "\"${SRCROOT}/Pods/Target Support Files/Pods-SightOnMock/Pods-SightOnMock-frameworks.sh\"\n";
			showEnvVarsInLog = 0;
		};
		62D63DD0F00DD5501C8E4218 /* [CP] Copy Pods Resources */ = {
			isa = PBXShellScriptBuildPhase;
			buildActionMask = 2147483647;
			files = (
			);
			inputPaths = (
			);
			name = "[CP] Copy Pods Resources";
			outputPaths = (
			);
			runOnlyForDeploymentPostprocessing = 0;
			shellPath = /bin/sh;
			shellScript = "\"${SRCROOT}/Pods/Target Support Files/Pods-SightOnMockUITests/Pods-SightOnMockUITests-resources.sh\"\n";
			showEnvVarsInLog = 0;
		};
		64B8637638F19FFE28573C88 /* [CP] Embed Pods Frameworks */ = {
			isa = PBXShellScriptBuildPhase;
			buildActionMask = 2147483647;
			files = (
			);
			inputPaths = (
			);
			name = "[CP] Embed Pods Frameworks";
			outputPaths = (
			);
			runOnlyForDeploymentPostprocessing = 0;
			shellPath = /bin/sh;
			shellScript = "\"${SRCROOT}/Pods/Target Support Files/Pods-SightOnMockUITests/Pods-SightOnMockUITests-frameworks.sh\"\n";
			showEnvVarsInLog = 0;
		};
		956F632456A523E5D1293099 /* [CP] Check Pods Manifest.lock */ = {
			isa = PBXShellScriptBuildPhase;
			buildActionMask = 2147483647;
			files = (
			);
			inputPaths = (
				"${PODS_PODFILE_DIR_PATH}/Podfile.lock",
				"${PODS_ROOT}/Manifest.lock",
			);
			name = "[CP] Check Pods Manifest.lock";
			outputPaths = (
				"$(DERIVED_FILE_DIR)/Pods-SightOnMockTests-checkManifestLockResult.txt",
			);
			runOnlyForDeploymentPostprocessing = 0;
			shellPath = /bin/sh;
			shellScript = "diff \"${PODS_PODFILE_DIR_PATH}/Podfile.lock\" \"${PODS_ROOT}/Manifest.lock\" > /dev/null\nif [ $? != 0 ] ; then\n    # print error to STDERR\n    echo \"error: The sandbox is not in sync with the Podfile.lock. Run 'pod install' or update your CocoaPods installation.\" >&2\n    exit 1\nfi\n# This output is used by Xcode 'outputs' to avoid re-running this script phase.\necho \"SUCCESS\" > \"${SCRIPT_OUTPUT_FILE_0}\"\n";
			showEnvVarsInLog = 0;
		};
		97D0A82CC75D8EFF3D97DC79 /* [CP] Embed Pods Frameworks */ = {
			isa = PBXShellScriptBuildPhase;
			buildActionMask = 2147483647;
			files = (
			);
			inputPaths = (
			);
			name = "[CP] Embed Pods Frameworks";
			outputPaths = (
			);
			runOnlyForDeploymentPostprocessing = 0;
			shellPath = /bin/sh;
			shellScript = "\"${SRCROOT}/Pods/Target Support Files/Pods-SightOnMockTests/Pods-SightOnMockTests-frameworks.sh\"\n";
			showEnvVarsInLog = 0;
		};
		A1014AA3ED07045C40F703A5 /* [CP] Check Pods Manifest.lock */ = {
			isa = PBXShellScriptBuildPhase;
			buildActionMask = 2147483647;
			files = (
			);
			inputPaths = (
				"${PODS_PODFILE_DIR_PATH}/Podfile.lock",
				"${PODS_ROOT}/Manifest.lock",
			);
			name = "[CP] Check Pods Manifest.lock";
			outputPaths = (
				"$(DERIVED_FILE_DIR)/Pods-SightOnMockUITests-checkManifestLockResult.txt",
			);
			runOnlyForDeploymentPostprocessing = 0;
			shellPath = /bin/sh;
			shellScript = "diff \"${PODS_PODFILE_DIR_PATH}/Podfile.lock\" \"${PODS_ROOT}/Manifest.lock\" > /dev/null\nif [ $? != 0 ] ; then\n    # print error to STDERR\n    echo \"error: The sandbox is not in sync with the Podfile.lock. Run 'pod install' or update your CocoaPods installation.\" >&2\n    exit 1\nfi\n# This output is used by Xcode 'outputs' to avoid re-running this script phase.\necho \"SUCCESS\" > \"${SCRIPT_OUTPUT_FILE_0}\"\n";
			showEnvVarsInLog = 0;
		};
		CA8C9A66AE41D03F84ADD05B /* [CP] Check Pods Manifest.lock */ = {
			isa = PBXShellScriptBuildPhase;
			buildActionMask = 2147483647;
			files = (
			);
			inputPaths = (
				"${PODS_PODFILE_DIR_PATH}/Podfile.lock",
				"${PODS_ROOT}/Manifest.lock",
			);
			name = "[CP] Check Pods Manifest.lock";
			outputPaths = (
				"$(DERIVED_FILE_DIR)/Pods-SightOnMock-checkManifestLockResult.txt",
			);
			runOnlyForDeploymentPostprocessing = 0;
			shellPath = /bin/sh;
			shellScript = "diff \"${PODS_PODFILE_DIR_PATH}/Podfile.lock\" \"${PODS_ROOT}/Manifest.lock\" > /dev/null\nif [ $? != 0 ] ; then\n    # print error to STDERR\n    echo \"error: The sandbox is not in sync with the Podfile.lock. Run 'pod install' or update your CocoaPods installation.\" >&2\n    exit 1\nfi\n# This output is used by Xcode 'outputs' to avoid re-running this script phase.\necho \"SUCCESS\" > \"${SCRIPT_OUTPUT_FILE_0}\"\n";
			showEnvVarsInLog = 0;
		};
		D413E93AE2380228AF99E506 /* [CP] Copy Pods Resources */ = {
			isa = PBXShellScriptBuildPhase;
			buildActionMask = 2147483647;
			files = (
			);
			inputPaths = (
			);
			name = "[CP] Copy Pods Resources";
			outputPaths = (
			);
			runOnlyForDeploymentPostprocessing = 0;
			shellPath = /bin/sh;
			shellScript = "\"${SRCROOT}/Pods/Target Support Files/Pods-SightOnMockTests/Pods-SightOnMockTests-resources.sh\"\n";
			showEnvVarsInLog = 0;
		};
/* End PBXShellScriptBuildPhase section */

/* Begin PBXSourcesBuildPhase section */
		0C3928941F23727300397EDD /* Sources */ = {
			isa = PBXSourcesBuildPhase;
			buildActionMask = 2147483647;
			files = (
				0C3928D01F23794300397EDD /* ManualEditViewController.swift in Sources */,
				0C13AE631F3D9AFD00C7847F /* PageViewController.swift in Sources */,
				0C3928CA1F2378EA00397EDD /* RecordViewController.swift in Sources */,
				0C3928D21F23796200397EDD /* PostViewController.swift in Sources */,
				0C4BB7011F3DDCF6001CA4A2 /* TemporaryDataManager.swift in Sources */,
				0C39289E1F23727300397EDD /* ViewController.swift in Sources */,
				0CF2EB601F358603003DD9D2 /* FeedListItemTableViewCell.swift in Sources */,
				0C3928CC1F23791A00397EDD /* FeedViewController.swift in Sources */,
				0C4BB7071F3E8198001CA4A2 /* User.swift in Sources */,
				0C3928CE1F23792C00397EDD /* AutoEditViewController.swift in Sources */,
				0C978E1A1F375F46003E2232 /* Sound.swift in Sources */,
				0C39289C1F23727300397EDD /* AppDelegate.swift in Sources */,
				0C4BB7091F3E845A001CA4A2 /* DatabaseAccessManager.swift in Sources */,
			);
			runOnlyForDeploymentPostprocessing = 0;
		};
		0C3928A81F23727300397EDD /* Sources */ = {
			isa = PBXSourcesBuildPhase;
			buildActionMask = 2147483647;
			files = (
				0C3928B11F23727300397EDD /* SightOnMockTests.swift in Sources */,
				0C4BB7051F3E6F21001CA4A2 /* TemporaryDataManagerTest.swift in Sources */,
			);
			runOnlyForDeploymentPostprocessing = 0;
		};
		0C3928B31F23727300397EDD /* Sources */ = {
			isa = PBXSourcesBuildPhase;
			buildActionMask = 2147483647;
			files = (
				0C3928BC1F23727300397EDD /* SightOnMockUITests.swift in Sources */,
			);
			runOnlyForDeploymentPostprocessing = 0;
		};
/* End PBXSourcesBuildPhase section */

/* Begin PBXTargetDependency section */
		0C3928AE1F23727300397EDD /* PBXTargetDependency */ = {
			isa = PBXTargetDependency;
			target = 0C3928971F23727300397EDD /* SightOnMock */;
			targetProxy = 0C3928AD1F23727300397EDD /* PBXContainerItemProxy */;
		};
		0C3928B91F23727300397EDD /* PBXTargetDependency */ = {
			isa = PBXTargetDependency;
			target = 0C3928971F23727300397EDD /* SightOnMock */;
			targetProxy = 0C3928B81F23727300397EDD /* PBXContainerItemProxy */;
		};
/* End PBXTargetDependency section */

/* Begin PBXVariantGroup section */
		0C39289F1F23727300397EDD /* Main.storyboard */ = {
			isa = PBXVariantGroup;
			children = (
				0C3928A01F23727300397EDD /* Base */,
			);
			name = Main.storyboard;
			sourceTree = "<group>";
		};
		0C3928A41F23727300397EDD /* LaunchScreen.storyboard */ = {
			isa = PBXVariantGroup;
			children = (
				0C3928A51F23727300397EDD /* Base */,
			);
			name = LaunchScreen.storyboard;
			sourceTree = "<group>";
		};
/* End PBXVariantGroup section */

/* Begin XCBuildConfiguration section */
		0C3928BE1F23727300397EDD /* Debug */ = {
			isa = XCBuildConfiguration;
			buildSettings = {
				ALWAYS_SEARCH_USER_PATHS = NO;
				CLANG_ANALYZER_NONNULL = YES;
				CLANG_ANALYZER_NUMBER_OBJECT_CONVERSION = YES_AGGRESSIVE;
				CLANG_CXX_LANGUAGE_STANDARD = "gnu++0x";
				CLANG_CXX_LIBRARY = "libc++";
				CLANG_ENABLE_MODULES = YES;
				CLANG_ENABLE_OBJC_ARC = YES;
				CLANG_WARN_BOOL_CONVERSION = YES;
				CLANG_WARN_CONSTANT_CONVERSION = YES;
				CLANG_WARN_DIRECT_OBJC_ISA_USAGE = YES_ERROR;
				CLANG_WARN_DOCUMENTATION_COMMENTS = YES;
				CLANG_WARN_EMPTY_BODY = YES;
				CLANG_WARN_ENUM_CONVERSION = YES;
				CLANG_WARN_INFINITE_RECURSION = YES;
				CLANG_WARN_INT_CONVERSION = YES;
				CLANG_WARN_OBJC_ROOT_CLASS = YES_ERROR;
				CLANG_WARN_SUSPICIOUS_MOVE = YES;
				CLANG_WARN_UNREACHABLE_CODE = YES;
				CLANG_WARN__DUPLICATE_METHOD_MATCH = YES;
				"CODE_SIGN_IDENTITY[sdk=iphoneos*]" = "iPhone Developer";
				COPY_PHASE_STRIP = NO;
				DEBUG_INFORMATION_FORMAT = dwarf;
				ENABLE_STRICT_OBJC_MSGSEND = YES;
				ENABLE_TESTABILITY = YES;
				GCC_C_LANGUAGE_STANDARD = gnu99;
				GCC_DYNAMIC_NO_PIC = NO;
				GCC_NO_COMMON_BLOCKS = YES;
				GCC_OPTIMIZATION_LEVEL = 0;
				GCC_PREPROCESSOR_DEFINITIONS = (
					"DEBUG=1",
					"$(inherited)",
				);
				GCC_WARN_64_TO_32_BIT_CONVERSION = YES;
				GCC_WARN_ABOUT_RETURN_TYPE = YES_ERROR;
				GCC_WARN_UNDECLARED_SELECTOR = YES;
				GCC_WARN_UNINITIALIZED_AUTOS = YES_AGGRESSIVE;
				GCC_WARN_UNUSED_FUNCTION = YES;
				GCC_WARN_UNUSED_VARIABLE = YES;
				IPHONEOS_DEPLOYMENT_TARGET = 10.3;
				MTL_ENABLE_DEBUG_INFO = YES;
				ONLY_ACTIVE_ARCH = YES;
				SDKROOT = iphoneos;
				SWIFT_ACTIVE_COMPILATION_CONDITIONS = DEBUG;
				SWIFT_OPTIMIZATION_LEVEL = "-Onone";
				TARGETED_DEVICE_FAMILY = "1,2";
			};
			name = Debug;
		};
		0C3928BF1F23727300397EDD /* Release */ = {
			isa = XCBuildConfiguration;
			buildSettings = {
				ALWAYS_SEARCH_USER_PATHS = NO;
				CLANG_ANALYZER_NONNULL = YES;
				CLANG_ANALYZER_NUMBER_OBJECT_CONVERSION = YES_AGGRESSIVE;
				CLANG_CXX_LANGUAGE_STANDARD = "gnu++0x";
				CLANG_CXX_LIBRARY = "libc++";
				CLANG_ENABLE_MODULES = YES;
				CLANG_ENABLE_OBJC_ARC = YES;
				CLANG_WARN_BOOL_CONVERSION = YES;
				CLANG_WARN_CONSTANT_CONVERSION = YES;
				CLANG_WARN_DIRECT_OBJC_ISA_USAGE = YES_ERROR;
				CLANG_WARN_DOCUMENTATION_COMMENTS = YES;
				CLANG_WARN_EMPTY_BODY = YES;
				CLANG_WARN_ENUM_CONVERSION = YES;
				CLANG_WARN_INFINITE_RECURSION = YES;
				CLANG_WARN_INT_CONVERSION = YES;
				CLANG_WARN_OBJC_ROOT_CLASS = YES_ERROR;
				CLANG_WARN_SUSPICIOUS_MOVE = YES;
				CLANG_WARN_UNREACHABLE_CODE = YES;
				CLANG_WARN__DUPLICATE_METHOD_MATCH = YES;
				"CODE_SIGN_IDENTITY[sdk=iphoneos*]" = "iPhone Developer";
				COPY_PHASE_STRIP = NO;
				DEBUG_INFORMATION_FORMAT = "dwarf-with-dsym";
				ENABLE_NS_ASSERTIONS = NO;
				ENABLE_STRICT_OBJC_MSGSEND = YES;
				GCC_C_LANGUAGE_STANDARD = gnu99;
				GCC_NO_COMMON_BLOCKS = YES;
				GCC_WARN_64_TO_32_BIT_CONVERSION = YES;
				GCC_WARN_ABOUT_RETURN_TYPE = YES_ERROR;
				GCC_WARN_UNDECLARED_SELECTOR = YES;
				GCC_WARN_UNINITIALIZED_AUTOS = YES_AGGRESSIVE;
				GCC_WARN_UNUSED_FUNCTION = YES;
				GCC_WARN_UNUSED_VARIABLE = YES;
				IPHONEOS_DEPLOYMENT_TARGET = 10.3;
				MTL_ENABLE_DEBUG_INFO = NO;
				SDKROOT = iphoneos;
				SWIFT_OPTIMIZATION_LEVEL = "-Owholemodule";
				TARGETED_DEVICE_FAMILY = "1,2";
				VALIDATE_PRODUCT = YES;
			};
			name = Release;
		};
		0C3928C11F23727300397EDD /* Debug */ = {
			isa = XCBuildConfiguration;
			baseConfigurationReference = 4D81EED59BB94FB6EB8919E4 /* Pods-SightOnMock.debug.xcconfig */;
			buildSettings = {
				ASSETCATALOG_COMPILER_APPICON_NAME = AppIcon;
				ASSETCATALOG_COMPILER_LAUNCHIMAGE_NAME = LaunchImage;
				DEVELOPMENT_TEAM = N33FTEJ7J3;
				INFOPLIST_FILE = SightOnMock/Info.plist;
				LD_RUNPATH_SEARCH_PATHS = "$(inherited) @executable_path/Frameworks";
				PRODUCT_BUNDLE_IDENTIFIER = edu.self.SightOnProject;
				PRODUCT_NAME = "$(TARGET_NAME)";
				SWIFT_VERSION = 3.0;
			};
			name = Debug;
		};
		0C3928C21F23727300397EDD /* Release */ = {
			isa = XCBuildConfiguration;
			baseConfigurationReference = 9CD91C51691DA76DD6DF48C1 /* Pods-SightOnMock.release.xcconfig */;
			buildSettings = {
				ASSETCATALOG_COMPILER_APPICON_NAME = AppIcon;
				ASSETCATALOG_COMPILER_LAUNCHIMAGE_NAME = LaunchImage;
				DEVELOPMENT_TEAM = N33FTEJ7J3;
				INFOPLIST_FILE = SightOnMock/Info.plist;
				LD_RUNPATH_SEARCH_PATHS = "$(inherited) @executable_path/Frameworks";
				PRODUCT_BUNDLE_IDENTIFIER = edu.self.SightOnProject;
				PRODUCT_NAME = "$(TARGET_NAME)";
				SWIFT_VERSION = 3.0;
			};
			name = Release;
		};
		0C3928C41F23727300397EDD /* Debug */ = {
			isa = XCBuildConfiguration;
			baseConfigurationReference = 8A540E7FF74955A668E85C79 /* Pods-SightOnMockTests.debug.xcconfig */;
			buildSettings = {
				ALWAYS_EMBED_SWIFT_STANDARD_LIBRARIES = YES;
				BUNDLE_LOADER = "$(TEST_HOST)";
				INFOPLIST_FILE = SightOnMockTests/Info.plist;
				LD_RUNPATH_SEARCH_PATHS = "$(inherited) @executable_path/Frameworks @loader_path/Frameworks";
				PRODUCT_BUNDLE_IDENTIFIER = edu.self.SightOnMockTests;
				PRODUCT_NAME = "$(TARGET_NAME)";
				SWIFT_VERSION = 3.0;
				TEST_HOST = "$(BUILT_PRODUCTS_DIR)/SightOnMock.app/SightOnMock";
			};
			name = Debug;
		};
		0C3928C51F23727300397EDD /* Release */ = {
			isa = XCBuildConfiguration;
			baseConfigurationReference = 4F6F1607983B036B110DD236 /* Pods-SightOnMockTests.release.xcconfig */;
			buildSettings = {
				ALWAYS_EMBED_SWIFT_STANDARD_LIBRARIES = YES;
				BUNDLE_LOADER = "$(TEST_HOST)";
				INFOPLIST_FILE = SightOnMockTests/Info.plist;
				LD_RUNPATH_SEARCH_PATHS = "$(inherited) @executable_path/Frameworks @loader_path/Frameworks";
				PRODUCT_BUNDLE_IDENTIFIER = edu.self.SightOnMockTests;
				PRODUCT_NAME = "$(TARGET_NAME)";
				SWIFT_VERSION = 3.0;
				TEST_HOST = "$(BUILT_PRODUCTS_DIR)/SightOnMock.app/SightOnMock";
			};
			name = Release;
		};
		0C3928C71F23727300397EDD /* Debug */ = {
			isa = XCBuildConfiguration;
			baseConfigurationReference = 46C723F4E70C2241757DF438 /* Pods-SightOnMockUITests.debug.xcconfig */;
			buildSettings = {
				ALWAYS_EMBED_SWIFT_STANDARD_LIBRARIES = YES;
				INFOPLIST_FILE = SightOnMockUITests/Info.plist;
				LD_RUNPATH_SEARCH_PATHS = "$(inherited) @executable_path/Frameworks @loader_path/Frameworks";
				PRODUCT_BUNDLE_IDENTIFIER = edu.self.SightOnMockUITests;
				PRODUCT_NAME = "$(TARGET_NAME)";
				SWIFT_VERSION = 3.0;
				TEST_TARGET_NAME = SightOnMock;
			};
			name = Debug;
		};
		0C3928C81F23727300397EDD /* Release */ = {
			isa = XCBuildConfiguration;
			baseConfigurationReference = 1628E6B18334240124B99AB4 /* Pods-SightOnMockUITests.release.xcconfig */;
			buildSettings = {
				ALWAYS_EMBED_SWIFT_STANDARD_LIBRARIES = YES;
				INFOPLIST_FILE = SightOnMockUITests/Info.plist;
				LD_RUNPATH_SEARCH_PATHS = "$(inherited) @executable_path/Frameworks @loader_path/Frameworks";
				PRODUCT_BUNDLE_IDENTIFIER = edu.self.SightOnMockUITests;
				PRODUCT_NAME = "$(TARGET_NAME)";
				SWIFT_VERSION = 3.0;
				TEST_TARGET_NAME = SightOnMock;
			};
			name = Release;
		};
/* End XCBuildConfiguration section */

/* Begin XCConfigurationList section */
		0C3928931F23727300397EDD /* Build configuration list for PBXProject "SightOnMock" */ = {
			isa = XCConfigurationList;
			buildConfigurations = (
				0C3928BE1F23727300397EDD /* Debug */,
				0C3928BF1F23727300397EDD /* Release */,
			);
			defaultConfigurationIsVisible = 0;
			defaultConfigurationName = Release;
		};
		0C3928C01F23727300397EDD /* Build configuration list for PBXNativeTarget "SightOnMock" */ = {
			isa = XCConfigurationList;
			buildConfigurations = (
				0C3928C11F23727300397EDD /* Debug */,
				0C3928C21F23727300397EDD /* Release */,
			);
			defaultConfigurationIsVisible = 0;
			defaultConfigurationName = Release;
		};
		0C3928C31F23727300397EDD /* Build configuration list for PBXNativeTarget "SightOnMockTests" */ = {
			isa = XCConfigurationList;
			buildConfigurations = (
				0C3928C41F23727300397EDD /* Debug */,
				0C3928C51F23727300397EDD /* Release */,
			);
			defaultConfigurationIsVisible = 0;
			defaultConfigurationName = Release;
		};
		0C3928C61F23727300397EDD /* Build configuration list for PBXNativeTarget "SightOnMockUITests" */ = {
			isa = XCConfigurationList;
			buildConfigurations = (
				0C3928C71F23727300397EDD /* Debug */,
				0C3928C81F23727300397EDD /* Release */,
			);
			defaultConfigurationIsVisible = 0;
			defaultConfigurationName = Release;
		};
/* End XCConfigurationList section */
	};
	rootObject = 0C3928901F23727300397EDD /* Project object */;
}
